
Microsoft Visual Studio Solution File, Format Version 12.00
# Visual Studio Version 16
VisualStudioVersion = 16.0.31911.196
MinimumVisualStudioVersion = 10.0.40219.1
Project("{FAE04EC0-301F-11D3-BF4B-00C04F79EFBC}") = "FaktureProject.Web", "FaktureProject.Web\FaktureProject.Web.csproj", "{74AA57FA-3D78-45F8-A7A2-9ED8520CED6F}"
EndProject
Project("{FAE04EC0-301F-11D3-BF4B-00C04F79EFBC}") = "FaktureProject.Data", "FaktureProject.Data\FaktureProject.Data.csproj", "{84933959-F951-4F7B-931B-2145C86FC2C9}"
EndProject
Global
	GlobalSection(SolutionConfigurationPlatforms) = preSolution
		Debug|Any CPU = Debug|Any CPU
		Release|Any CPU = Release|Any CPU
	EndGlobalSection
	GlobalSection(ProjectConfigurationPlatforms) = postSolution
		{74AA57FA-3D78-45F8-A7A2-9ED8520CED6F}.Debug|Any CPU.ActiveCfg = Debug|Any CPU
		{74AA57FA-3D78-45F8-A7A2-9ED8520CED6F}.Debug|Any CPU.Build.0 = Debug|Any CPU
		{74AA57FA-3D78-45F8-A7A2-9ED8520CED6F}.Release|Any CPU.ActiveCfg = Release|Any CPU
		{74AA57FA-3D78-45F8-A7A2-9ED8520CED6F}.Release|Any CPU.Build.0 = Release|Any CPU
		{84933959-F951-4F7B-931B-2145C86FC2C9}.Debug|Any CPU.ActiveCfg = Debug|Any CPU
		{84933959-F951-4F7B-931B-2145C86FC2C9}.Debug|Any CPU.Build.0 = Debug|Any CPU
		{84933959-F951-4F7B-931B-2145C86FC2C9}.Release|Any CPU.ActiveCfg = Release|Any CPU
		{84933959-F951-4F7B-931B-2145C86FC2C9}.Release|Any CPU.Build.0 = Release|Any CPU
	EndGlobalSection
	GlobalSection(SolutionProperties) = preSolution
		HideSolutionNode = FALSE
	EndGlobalSection
	GlobalSection(ExtensibilityGlobals) = postSolution
		SolutionGuid = {6D4F11AA-C5A5-47D2-B3E8-1F0BAF940D87}
	EndGlobalSection
EndGlobal
